
Microsoft Visual Studio Solution File, Format Version 12.00
# Visual Studio Version 17
VisualStudioVersion = 17.5.2.0
MinimumVisualStudioVersion = 10.0.40219.1
Project("{FAE04EC0-301F-11D3-BF4B-00C04F79EFBC}") = "ConsoleApp1", "ConsoleApp1\ConsoleApp1.csproj", "{5B68813F-23C2-8DF2-1B1F-9033A2893F62}"
EndProject
Project("{FAE04EC0-301F-11D3-BF4B-00C04F79EFBC}") = "Øving forelesning", "Øving forelesning\Øving forelesning.csproj", "{E8A4289A-33C6-0F1B-EF83-F04E09ECACC0}"
EndProject
Project("{FAE04EC0-301F-11D3-BF4B-00C04F79EFBC}") = "Switch", "ConsoleApp5\Switch.csproj", "{139C05FE-3EF5-66C0-5972-797E7B45B80C}"
EndProject
Project("{FAE04EC0-301F-11D3-BF4B-00C04F79EFBC}") = "ConsoleApp2", "ConsoleApp2\ConsoleApp2.csproj", "{0BF52C80-90A9-AAB8-50BD-54373B8B4D6F}"
EndProject
Project("{FAE04EC0-301F-11D3-BF4B-00C04F79EFBC}") = "Student", "Student\Student.csproj", "{78DB6E5C-9425-4177-A0C2-5EA31CBC172F}"
EndProject
Project("{FAE04EC0-301F-11D3-BF4B-00C04F79EFBC}") = "While", "While\While.csproj", "{EB977D1F-3A46-4421-AFB2-0CB8AE367D95}"
EndProject
Project("{FAE04EC0-301F-11D3-BF4B-00C04F79EFBC}") = "Class", "Class\Class.csproj", "{BC8CB668-0A82-4D29-B35A-3186959A1C0F}"
EndProject
Project("{FAE04EC0-301F-11D3-BF4B-00C04F79EFBC}") = "Methods", "Methods\Methods.csproj", "{B8988349-627E-41F1-A738-13872196141F}"
EndProject
Project("{FAE04EC0-301F-11D3-BF4B-00C04F79EFBC}") = "Tuple", "Tuple\Tuple.csproj", "{209AC9C3-B207-47F6-A6B5-E3363BBDABBA}"
EndProject
Project("{FAE04EC0-301F-11D3-BF4B-00C04F79EFBC}") = "NullReference", "NullReference\NullReference.csproj", "{CE017A12-8685-4692-8D0E-3DD285618AFC}"
EndProject
Project("{FAE04EC0-301F-11D3-BF4B-00C04F79EFBC}") = "Handlekurv", "Handlekurv\Handlekurv.csproj", "{FC36F2CD-A919-40BF-8C2C-7E2ADBDB217B}"
EndProject
Project("{FAE04EC0-301F-11D3-BF4B-00C04F79EFBC}") = "HandlekurvOppgave.cs", "HandlekurvChat.cs\HandlekurvOppgave.cs.csproj", "{A0EF829F-3851-4121-BB68-8A304FE7CA78}"
EndProject
Project("{FAE04EC0-301F-11D3-BF4B-00C04F79EFBC}") = "LabØvelser4.9", "LabØvelser5\LabØvelser4.9.csproj", "{69B8DEA5-145A-49C7-841A-7F5A6E0FC82E}"
EndProject
Project("{FAE04EC0-301F-11D3-BF4B-00C04F79EFBC}") = "LabØvelse4.10", "LabØvelse4.10\LabØvelse4.10.csproj", "{3C1A49F5-FC81-4F8E-88BB-7800171D6FF7}"
EndProject
Project("{FAE04EC0-301F-11D3-BF4B-00C04F79EFBC}") = "LabØvelse4.11", "LabØvelse4.11\LabØvelse4.11.csproj", "{F238E260-1689-4588-BB0F-2C6807A592B9}"
EndProject
Project("{FAE04EC0-301F-11D3-BF4B-00C04F79EFBC}") = "Hus", "Hus\Hus.csproj", "{C9DB7E89-BCF3-4B4B-8D2D-4DD373D832B9}"
EndProject
Project("{FAE04EC0-301F-11D3-BF4B-00C04F79EFBC}") = "Bil", "Bil\Bil.csproj", "{0317EC78-5FB5-443B-9E0D-47C7373A9636}"
EndProject
Project("{FAE04EC0-301F-11D3-BF4B-00C04F79EFBC}") = "Liste", "Liste\Liste.csproj", "{5574DC91-56F1-4243-81B6-7DC278EF3366}"
EndProject
Project("{FAE04EC0-301F-11D3-BF4B-00C04F79EFBC}") = "5.5", "5.4\5.5.csproj", "{B068BDF2-EE75-443B-AC54-6FCF8FFF2002}"
EndProject
Project("{FAE04EC0-301F-11D3-BF4B-00C04F79EFBC}") = "5.9", "5.8\5.9.csproj", "{ABF164B6-4C66-476C-95D5-8F0902DA7394}"
EndProject
Project("{FAE04EC0-301F-11D3-BF4B-00C04F79EFBC}") = "Labøvelse 7", "Labøvelse 7\Labøvelse 7.csproj", "{D0F48D09-C81A-48BC-9771-33BD0D9817F8}"
EndProject
Project("{FAE04EC0-301F-11D3-BF4B-00C04F79EFBC}") = "Labøvelse 8", "Labøvelse 8\Labøvelse 8.csproj", "{42B2590E-880B-4225-B957-E7F7DEAA3D05}"
EndProject
Project("{FAE04EC0-301F-11D3-BF4B-00C04F79EFBC}") = "ConsoleApp3", "ConsoleApp3\ConsoleApp3.csproj", "{8E61F832-B0CE-476F-95F9-12D83936B461}"
EndProject
Project("{FAE04EC0-301F-11D3-BF4B-00C04F79EFBC}") = "WhileLøkkerForelesning", "Labøvelser0\WhileLøkkerForelesning.csproj", "{0940D4AF-55BC-40EA-971D-ABE32EA1FCDF}"
EndProject
Project("{FAE04EC0-301F-11D3-BF4B-00C04F79EFBC}") = "forLoops", "forLoops\forLoops.csproj", "{8D203C9C-2225-49EC-8564-BA053B901E81}"
EndProject
Project("{FAE04EC0-301F-11D3-BF4B-00C04F79EFBC}") = "LinqEmployee", "LinqEmployee\LinqEmployee.csproj", "{21CC6FBE-4913-4A0B-B7C9-88C539C9B5E4}"
EndProject
Project("{FAE04EC0-301F-11D3-BF4B-00C04F79EFBC}") = "LinqØving", "LinqØving\LinqØving.csproj", "{9B53D442-B869-48DA-A2F3-BD9F60CEED13}"
EndProject
Project("{FAE04EC0-301F-11D3-BF4B-00C04F79EFBC}") = "Bibliotek", "Bibliotek\Bibliotek.csproj", "{514CCCE9-0CF3-4954-A4FC-7B2451A54E9A}"
EndProject
Project("{FAE04EC0-301F-11D3-BF4B-00C04F79EFBC}") = "BibliotekOppgave", "BibliotekOppgave\BibliotekOppgave.csproj", "{39352ED3-29E7-4F40-891D-5A629286366F}"
EndProject
Global
	GlobalSection(SolutionConfigurationPlatforms) = preSolution
		Debug|Any CPU = Debug|Any CPU
		Release|Any CPU = Release|Any CPU
	EndGlobalSection
	GlobalSection(ProjectConfigurationPlatforms) = postSolution
		{5B68813F-23C2-8DF2-1B1F-9033A2893F62}.Debug|Any CPU.ActiveCfg = Debug|Any CPU
		{5B68813F-23C2-8DF2-1B1F-9033A2893F62}.Debug|Any CPU.Build.0 = Debug|Any CPU
		{5B68813F-23C2-8DF2-1B1F-9033A2893F62}.Release|Any CPU.ActiveCfg = Release|Any CPU
		{5B68813F-23C2-8DF2-1B1F-9033A2893F62}.Release|Any CPU.Build.0 = Release|Any CPU
		{E8A4289A-33C6-0F1B-EF83-F04E09ECACC0}.Debug|Any CPU.ActiveCfg = Debug|Any CPU
		{E8A4289A-33C6-0F1B-EF83-F04E09ECACC0}.Debug|Any CPU.Build.0 = Debug|Any CPU
		{E8A4289A-33C6-0F1B-EF83-F04E09ECACC0}.Release|Any CPU.ActiveCfg = Release|Any CPU
		{E8A4289A-33C6-0F1B-EF83-F04E09ECACC0}.Release|Any CPU.Build.0 = Release|Any CPU
		{139C05FE-3EF5-66C0-5972-797E7B45B80C}.Debug|Any CPU.ActiveCfg = Debug|Any CPU
		{139C05FE-3EF5-66C0-5972-797E7B45B80C}.Debug|Any CPU.Build.0 = Debug|Any CPU
		{139C05FE-3EF5-66C0-5972-797E7B45B80C}.Release|Any CPU.ActiveCfg = Release|Any CPU
		{139C05FE-3EF5-66C0-5972-797E7B45B80C}.Release|Any CPU.Build.0 = Release|Any CPU
		{0BF52C80-90A9-AAB8-50BD-54373B8B4D6F}.Debug|Any CPU.ActiveCfg = Debug|Any CPU
		{0BF52C80-90A9-AAB8-50BD-54373B8B4D6F}.Debug|Any CPU.Build.0 = Debug|Any CPU
		{0BF52C80-90A9-AAB8-50BD-54373B8B4D6F}.Release|Any CPU.ActiveCfg = Release|Any CPU
		{0BF52C80-90A9-AAB8-50BD-54373B8B4D6F}.Release|Any CPU.Build.0 = Release|Any CPU
		{78DB6E5C-9425-4177-A0C2-5EA31CBC172F}.Debug|Any CPU.ActiveCfg = Debug|Any CPU
		{78DB6E5C-9425-4177-A0C2-5EA31CBC172F}.Debug|Any CPU.Build.0 = Debug|Any CPU
		{78DB6E5C-9425-4177-A0C2-5EA31CBC172F}.Release|Any CPU.ActiveCfg = Release|Any CPU
		{78DB6E5C-9425-4177-A0C2-5EA31CBC172F}.Release|Any CPU.Build.0 = Release|Any CPU
		{EB977D1F-3A46-4421-AFB2-0CB8AE367D95}.Debug|Any CPU.ActiveCfg = Debug|Any CPU
		{EB977D1F-3A46-4421-AFB2-0CB8AE367D95}.Debug|Any CPU.Build.0 = Debug|Any CPU
		{EB977D1F-3A46-4421-AFB2-0CB8AE367D95}.Release|Any CPU.ActiveCfg = Release|Any CPU
		{EB977D1F-3A46-4421-AFB2-0CB8AE367D95}.Release|Any CPU.Build.0 = Release|Any CPU
		{BC8CB668-0A82-4D29-B35A-3186959A1C0F}.Debug|Any CPU.ActiveCfg = Debug|Any CPU
		{BC8CB668-0A82-4D29-B35A-3186959A1C0F}.Debug|Any CPU.Build.0 = Debug|Any CPU
		{BC8CB668-0A82-4D29-B35A-3186959A1C0F}.Release|Any CPU.ActiveCfg = Release|Any CPU
		{BC8CB668-0A82-4D29-B35A-3186959A1C0F}.Release|Any CPU.Build.0 = Release|Any CPU
		{B8988349-627E-41F1-A738-13872196141F}.Debug|Any CPU.ActiveCfg = Debug|Any CPU
		{B8988349-627E-41F1-A738-13872196141F}.Debug|Any CPU.Build.0 = Debug|Any CPU
		{B8988349-627E-41F1-A738-13872196141F}.Release|Any CPU.ActiveCfg = Release|Any CPU
		{B8988349-627E-41F1-A738-13872196141F}.Release|Any CPU.Build.0 = Release|Any CPU
		{209AC9C3-B207-47F6-A6B5-E3363BBDABBA}.Debug|Any CPU.ActiveCfg = Debug|Any CPU
		{209AC9C3-B207-47F6-A6B5-E3363BBDABBA}.Debug|Any CPU.Build.0 = Debug|Any CPU
		{209AC9C3-B207-47F6-A6B5-E3363BBDABBA}.Release|Any CPU.ActiveCfg = Release|Any CPU
		{209AC9C3-B207-47F6-A6B5-E3363BBDABBA}.Release|Any CPU.Build.0 = Release|Any CPU
		{CE017A12-8685-4692-8D0E-3DD285618AFC}.Debug|Any CPU.ActiveCfg = Debug|Any CPU
		{CE017A12-8685-4692-8D0E-3DD285618AFC}.Debug|Any CPU.Build.0 = Debug|Any CPU
		{CE017A12-8685-4692-8D0E-3DD285618AFC}.Release|Any CPU.ActiveCfg = Release|Any CPU
		{CE017A12-8685-4692-8D0E-3DD285618AFC}.Release|Any CPU.Build.0 = Release|Any CPU
		{FC36F2CD-A919-40BF-8C2C-7E2ADBDB217B}.Debug|Any CPU.ActiveCfg = Debug|Any CPU
		{FC36F2CD-A919-40BF-8C2C-7E2ADBDB217B}.Debug|Any CPU.Build.0 = Debug|Any CPU
		{FC36F2CD-A919-40BF-8C2C-7E2ADBDB217B}.Release|Any CPU.ActiveCfg = Release|Any CPU
		{FC36F2CD-A919-40BF-8C2C-7E2ADBDB217B}.Release|Any CPU.Build.0 = Release|Any CPU
		{A0EF829F-3851-4121-BB68-8A304FE7CA78}.Debug|Any CPU.ActiveCfg = Debug|Any CPU
		{A0EF829F-3851-4121-BB68-8A304FE7CA78}.Debug|Any CPU.Build.0 = Debug|Any CPU
		{A0EF829F-3851-4121-BB68-8A304FE7CA78}.Release|Any CPU.ActiveCfg = Release|Any CPU
		{A0EF829F-3851-4121-BB68-8A304FE7CA78}.Release|Any CPU.Build.0 = Release|Any CPU
		{69B8DEA5-145A-49C7-841A-7F5A6E0FC82E}.Debug|Any CPU.ActiveCfg = Debug|Any CPU
		{69B8DEA5-145A-49C7-841A-7F5A6E0FC82E}.Debug|Any CPU.Build.0 = Debug|Any CPU
		{69B8DEA5-145A-49C7-841A-7F5A6E0FC82E}.Release|Any CPU.ActiveCfg = Release|Any CPU
		{69B8DEA5-145A-49C7-841A-7F5A6E0FC82E}.Release|Any CPU.Build.0 = Release|Any CPU
		{3C1A49F5-FC81-4F8E-88BB-7800171D6FF7}.Debug|Any CPU.ActiveCfg = Debug|Any CPU
		{3C1A49F5-FC81-4F8E-88BB-7800171D6FF7}.Debug|Any CPU.Build.0 = Debug|Any CPU
		{3C1A49F5-FC81-4F8E-88BB-7800171D6FF7}.Release|Any CPU.ActiveCfg = Release|Any CPU
		{3C1A49F5-FC81-4F8E-88BB-7800171D6FF7}.Release|Any CPU.Build.0 = Release|Any CPU
		{F238E260-1689-4588-BB0F-2C6807A592B9}.Debug|Any CPU.ActiveCfg = Debug|Any CPU
		{F238E260-1689-4588-BB0F-2C6807A592B9}.Debug|Any CPU.Build.0 = Debug|Any CPU
		{F238E260-1689-4588-BB0F-2C6807A592B9}.Release|Any CPU.ActiveCfg = Release|Any CPU
		{F238E260-1689-4588-BB0F-2C6807A592B9}.Release|Any CPU.Build.0 = Release|Any CPU
		{C9DB7E89-BCF3-4B4B-8D2D-4DD373D832B9}.Debug|Any CPU.ActiveCfg = Debug|Any CPU
		{C9DB7E89-BCF3-4B4B-8D2D-4DD373D832B9}.Debug|Any CPU.Build.0 = Debug|Any CPU
		{C9DB7E89-BCF3-4B4B-8D2D-4DD373D832B9}.Release|Any CPU.ActiveCfg = Release|Any CPU
		{C9DB7E89-BCF3-4B4B-8D2D-4DD373D832B9}.Release|Any CPU.Build.0 = Release|Any CPU
		{0317EC78-5FB5-443B-9E0D-47C7373A9636}.Debug|Any CPU.ActiveCfg = Debug|Any CPU
		{0317EC78-5FB5-443B-9E0D-47C7373A9636}.Debug|Any CPU.Build.0 = Debug|Any CPU
		{0317EC78-5FB5-443B-9E0D-47C7373A9636}.Release|Any CPU.ActiveCfg = Release|Any CPU
		{0317EC78-5FB5-443B-9E0D-47C7373A9636}.Release|Any CPU.Build.0 = Release|Any CPU
		{5574DC91-56F1-4243-81B6-7DC278EF3366}.Debug|Any CPU.ActiveCfg = Debug|Any CPU
		{5574DC91-56F1-4243-81B6-7DC278EF3366}.Debug|Any CPU.Build.0 = Debug|Any CPU
		{5574DC91-56F1-4243-81B6-7DC278EF3366}.Release|Any CPU.ActiveCfg = Release|Any CPU
		{5574DC91-56F1-4243-81B6-7DC278EF3366}.Release|Any CPU.Build.0 = Release|Any CPU
		{B068BDF2-EE75-443B-AC54-6FCF8FFF2002}.Debug|Any CPU.ActiveCfg = Debug|Any CPU
		{B068BDF2-EE75-443B-AC54-6FCF8FFF2002}.Debug|Any CPU.Build.0 = Debug|Any CPU
		{B068BDF2-EE75-443B-AC54-6FCF8FFF2002}.Release|Any CPU.ActiveCfg = Release|Any CPU
		{B068BDF2-EE75-443B-AC54-6FCF8FFF2002}.Release|Any CPU.Build.0 = Release|Any CPU
		{ABF164B6-4C66-476C-95D5-8F0902DA7394}.Debug|Any CPU.ActiveCfg = Debug|Any CPU
		{ABF164B6-4C66-476C-95D5-8F0902DA7394}.Debug|Any CPU.Build.0 = Debug|Any CPU
		{ABF164B6-4C66-476C-95D5-8F0902DA7394}.Release|Any CPU.ActiveCfg = Release|Any CPU
		{ABF164B6-4C66-476C-95D5-8F0902DA7394}.Release|Any CPU.Build.0 = Release|Any CPU
		{D0F48D09-C81A-48BC-9771-33BD0D9817F8}.Debug|Any CPU.ActiveCfg = Debug|Any CPU
		{D0F48D09-C81A-48BC-9771-33BD0D9817F8}.Debug|Any CPU.Build.0 = Debug|Any CPU
		{D0F48D09-C81A-48BC-9771-33BD0D9817F8}.Release|Any CPU.ActiveCfg = Release|Any CPU
		{D0F48D09-C81A-48BC-9771-33BD0D9817F8}.Release|Any CPU.Build.0 = Release|Any CPU
		{42B2590E-880B-4225-B957-E7F7DEAA3D05}.Debug|Any CPU.ActiveCfg = Debug|Any CPU
		{42B2590E-880B-4225-B957-E7F7DEAA3D05}.Debug|Any CPU.Build.0 = Debug|Any CPU
		{42B2590E-880B-4225-B957-E7F7DEAA3D05}.Release|Any CPU.ActiveCfg = Release|Any CPU
		{42B2590E-880B-4225-B957-E7F7DEAA3D05}.Release|Any CPU.Build.0 = Release|Any CPU
		{8E61F832-B0CE-476F-95F9-12D83936B461}.Debug|Any CPU.ActiveCfg = Debug|Any CPU
		{8E61F832-B0CE-476F-95F9-12D83936B461}.Debug|Any CPU.Build.0 = Debug|Any CPU
		{8E61F832-B0CE-476F-95F9-12D83936B461}.Release|Any CPU.ActiveCfg = Release|Any CPU
		{8E61F832-B0CE-476F-95F9-12D83936B461}.Release|Any CPU.Build.0 = Release|Any CPU
		{0940D4AF-55BC-40EA-971D-ABE32EA1FCDF}.Debug|Any CPU.ActiveCfg = Debug|Any CPU
		{0940D4AF-55BC-40EA-971D-ABE32EA1FCDF}.Debug|Any CPU.Build.0 = Debug|Any CPU
		{0940D4AF-55BC-40EA-971D-ABE32EA1FCDF}.Release|Any CPU.ActiveCfg = Release|Any CPU
		{0940D4AF-55BC-40EA-971D-ABE32EA1FCDF}.Release|Any CPU.Build.0 = Release|Any CPU
		{8D203C9C-2225-49EC-8564-BA053B901E81}.Debug|Any CPU.ActiveCfg = Debug|Any CPU
		{8D203C9C-2225-49EC-8564-BA053B901E81}.Debug|Any CPU.Build.0 = Debug|Any CPU
		{8D203C9C-2225-49EC-8564-BA053B901E81}.Release|Any CPU.ActiveCfg = Release|Any CPU
		{8D203C9C-2225-49EC-8564-BA053B901E81}.Release|Any CPU.Build.0 = Release|Any CPU
		{21CC6FBE-4913-4A0B-B7C9-88C539C9B5E4}.Debug|Any CPU.ActiveCfg = Debug|Any CPU
		{21CC6FBE-4913-4A0B-B7C9-88C539C9B5E4}.Debug|Any CPU.Build.0 = Debug|Any CPU
		{21CC6FBE-4913-4A0B-B7C9-88C539C9B5E4}.Release|Any CPU.ActiveCfg = Release|Any CPU
		{21CC6FBE-4913-4A0B-B7C9-88C539C9B5E4}.Release|Any CPU.Build.0 = Release|Any CPU
		{9B53D442-B869-48DA-A2F3-BD9F60CEED13}.Debug|Any CPU.ActiveCfg = Debug|Any CPU
		{9B53D442-B869-48DA-A2F3-BD9F60CEED13}.Debug|Any CPU.Build.0 = Debug|Any CPU
		{9B53D442-B869-48DA-A2F3-BD9F60CEED13}.Release|Any CPU.ActiveCfg = Release|Any CPU
		{9B53D442-B869-48DA-A2F3-BD9F60CEED13}.Release|Any CPU.Build.0 = Release|Any CPU
		{514CCCE9-0CF3-4954-A4FC-7B2451A54E9A}.Debug|Any CPU.ActiveCfg = Debug|Any CPU
		{514CCCE9-0CF3-4954-A4FC-7B2451A54E9A}.Debug|Any CPU.Build.0 = Debug|Any CPU
		{514CCCE9-0CF3-4954-A4FC-7B2451A54E9A}.Release|Any CPU.ActiveCfg = Release|Any CPU
		{514CCCE9-0CF3-4954-A4FC-7B2451A54E9A}.Release|Any CPU.Build.0 = Release|Any CPU
		{39352ED3-29E7-4F40-891D-5A629286366F}.Debug|Any CPU.ActiveCfg = Debug|Any CPU
		{39352ED3-29E7-4F40-891D-5A629286366F}.Debug|Any CPU.Build.0 = Debug|Any CPU
		{39352ED3-29E7-4F40-891D-5A629286366F}.Release|Any CPU.ActiveCfg = Release|Any CPU
		{39352ED3-29E7-4F40-891D-5A629286366F}.Release|Any CPU.Build.0 = Release|Any CPU
	EndGlobalSection
	GlobalSection(SolutionProperties) = preSolution
		HideSolutionNode = FALSE
	EndGlobalSection
	GlobalSection(ExtensibilityGlobals) = postSolution
		SolutionGuid = {C4002D9D-DC42-4D6B-932F-60FDBBBFD8FC}
	EndGlobalSection
EndGlobal
